PODS:
  - AppAuth (1.4.0):
    - AppAuth/Core (= 1.4.0)
    - AppAuth/ExternalUserAgent (= 1.4.0)
  - AppAuth/Core (1.4.0)
  - AppAuth/ExternalUserAgent (1.4.0)
  - Flutter (1.0.0)
  - google_sign_in (0.0.1):
    - Flutter
    - GoogleSignIn (~> 5.0)
  - GoogleSignIn (5.0.2):
    - AppAuth (~> 1.2)
    - GTMAppAuth (~> 1.0)
    - GTMSessionFetcher/Core (~> 1.1)
  - GTMAppAuth (1.2.2):
    - AppAuth/Core (~> 1.4)
    - GTMSessionFetcher/Core (~> 1.5)
  - GTMSessionFetcher/Core (1.6.1)
  - onesignal_flutter (3.2.2):
    - Flutter
    - OneSignalXCFramework (= 3.6.2)
  - OneSignalXCFramework (3.6.2)

DEPENDENCIES:
  - Flutter (from `Flutter`)
  - google_sign_in (from `.symlinks/plugins/google_sign_in/ios`)
  - onesignal_flutter (from `.symlinks/plugins/onesignal_flutter/ios`)
  - OneSignalXCFramework (< 4.0, >= 3.4.3)

SPEC REPOS:
  trunk:
    - AppAuth
    - GoogleSignIn
    - GTMAppAuth
    - GTMSessionFetcher
    - OneSignalXCFramework

EXTERNAL SOURCES:
  Flutter:
    :path: Flutter
  google_sign_in:
    :path: ".symlinks/plugins/google_sign_in/ios"
  onesignal_flutter:
    :path: ".symlinks/plugins/onesignal_flutter/ios"

SPEC CHECKSUMS:
  AppAuth: 31bcec809a638d7bd2f86ea8a52bd45f6e81e7c7
  Flutter: 434fef37c0980e73bb6479ef766c45957d4b510c
  google_sign_in: de494e5e993986afae63e22a32441e30c35c9823
  GoogleSignIn: 7137d297ddc022a7e0aa4619c86d72c909fa7213
  GTMAppAuth: ad5c2b70b9a8689e1a04033c9369c4915bfcbe89
  GTMSessionFetcher: 36689134877faeb055b27dfa4ccc9ceaa42e029e
  onesignal_flutter: 74fa11016b729249a5708efd0614c935df01271e
  OneSignalXCFramework: c97e3012322b9cf3ef0d716d54a18a8e9b77f220

PODFILE CHECKSUM: 2d553d7f47a382e62c377bf159c9d9fe03451c76

COCOAPODS: 1.10.1
